
Microsoft Visual Studio Solution File, Format Version 12.00
# Visual Studio 15
VisualStudioVersion = 15.0.28307.1705
MinimumVisualStudioVersion = 10.0.40219.1
Project("{8BC9CEB8-8B4A-11D0-8D11-00A0C91BC942}") = "MFC01", "MFC01\MFC01.vcxproj", "{1E37BD83-CC59-441B-9727-5EC51EBFD31D}"
EndProject
Project("{8BC9CEB8-8B4A-11D0-8D11-00A0C91BC942}") = "MFC02", "MFC02\MFC02.vcxproj", "{7A3AAB7D-A1E2-4169-AB65-3FBC8F661D7D}"
EndProject
Project("{8BC9CEB8-8B4A-11D0-8D11-00A0C91BC942}") = "MFC02_02", "MFC02_02\MFC02_02.vcxproj", "{91C63B3B-475C-481C-957C-BB85704987EE}"
EndProject
Project("{8BC9CEB8-8B4A-11D0-8D11-00A0C91BC942}") = "MFC02_03", "MFC02_03\MFC02_03.vcxproj", "{C4C564E0-0237-41C1-A123-109A26247BBB}"
EndProject
Project("{8BC9CEB8-8B4A-11D0-8D11-00A0C91BC942}") = "MFC02_04", "MFC02_04\MFC02_04.vcxproj", "{8FBD9D1E-CF7F-456F-A9F7-683AFC31B892}"
EndProject
Project("{8BC9CEB8-8B4A-11D0-8D11-00A0C91BC942}") = "MFC02_Single", "MFC02_Single\MFC02_Single.vcxproj", "{F3051E3E-EF93-4DB5-9631-F00657C3FC82}"
EndProject
Project("{8BC9CEB8-8B4A-11D0-8D11-00A0C91BC942}") = "MFCBasic", "MFCBasic\MFCBasic.vcxproj", "{55C92CBE-5F03-44B7-9FA4-8878F5037CE5}"
EndProject
Project("{8BC9CEB8-8B4A-11D0-8D11-00A0C91BC942}") = "MFC03", "MFC03\MFC03.vcxproj", "{B2FC41BB-143D-4F31-88A2-2B77F067349C}"
EndProject
Project("{8BC9CEB8-8B4A-11D0-8D11-00A0C91BC942}") = "MFC04", "MFC04\MFC04.vcxproj", "{BF81C9D3-E03A-4464-A6DD-66D8DA7CFEFF}"
EndProject
Project("{8BC9CEB8-8B4A-11D0-8D11-00A0C91BC942}") = "MFC05", "MFC05\MFC05.vcxproj", "{5C38CC51-621E-4B5F-B989-766F6CFC3AE2}"
EndProject
Project("{8BC9CEB8-8B4A-11D0-8D11-00A0C91BC942}") = "MFC06", "MFC06\MFC06.vcxproj", "{C4A60F32-FD1C-4914-9AF4-D1B5FD8C5805}"
EndProject
Project("{8BC9CEB8-8B4A-11D0-8D11-00A0C91BC942}") = "MFC07", "MFC07\MFC07.vcxproj", "{6057038B-2B5F-4F1F-97CE-79C7E41CD038}"
EndProject
Project("{8BC9CEB8-8B4A-11D0-8D11-00A0C91BC942}") = "MFC08", "MFC08\MFC08.vcxproj", "{224930CE-7658-41BF-B8E7-C90E8B221C80}"
EndProject
Project("{8BC9CEB8-8B4A-11D0-8D11-00A0C91BC942}") = "MFC09", "MFC09\MFC09.vcxproj", "{98661F92-39F6-453A-B316-18E07F225256}"
EndProject
Project("{8BC9CEB8-8B4A-11D0-8D11-00A0C91BC942}") = "MFC10", "MFC10\MFC10.vcxproj", "{F89DEB5C-53B7-4714-89E8-2D524D478CF1}"
EndProject
Project("{8BC9CEB8-8B4A-11D0-8D11-00A0C91BC942}") = "MFC11", "MFC11\MFC11.vcxproj", "{ECCDC7D7-1BF8-4EF3-BF90-1530941318B7}"
EndProject
Project("{8BC9CEB8-8B4A-11D0-8D11-00A0C91BC942}") = "MFCthread01", "MFCthread01\MFCthread01.vcxproj", "{51E74B19-C9EE-4EA8-B91B-DE68F7FD876B}"
EndProject
Project("{8BC9CEB8-8B4A-11D0-8D11-00A0C91BC942}") = "MFCthread02", "MFthread02\MFthread02.vcxproj", "{FDA7D7C5-F4D6-4A91-A778-4E99471BA4A7}"
EndProject
Project("{8BC9CEB8-8B4A-11D0-8D11-00A0C91BC942}") = "MFCthread03", "MFCthread03\MFCthread03.vcxproj", "{A8F48F35-2B49-4E41-A9B4-6D6B2FBE1510}"
EndProject
Project("{8BC9CEB8-8B4A-11D0-8D11-00A0C91BC942}") = "MFCthread04", "MFCthread04\MFCthread04.vcxproj", "{0E716B2E-6E0F-49E0-906E-4A3A7C548E6C}"
EndProject
Project("{8BC9CEB8-8B4A-11D0-8D11-00A0C91BC942}") = "MFCthread05", "MFCthread05\MFCthread05.vcxproj", "{756D07E4-1E7F-4F7D-8CC9-D6B54AC657C7}"
EndProject
Global
	GlobalSection(SolutionConfigurationPlatforms) = preSolution
		Debug|x64 = Debug|x64
		Debug|x86 = Debug|x86
		Release|x64 = Release|x64
		Release|x86 = Release|x86
	EndGlobalSection
	GlobalSection(ProjectConfigurationPlatforms) = postSolution
		{1E37BD83-CC59-441B-9727-5EC51EBFD31D}.Debug|x64.ActiveCfg = Debug|x64
		{1E37BD83-CC59-441B-9727-5EC51EBFD31D}.Debug|x64.Build.0 = Debug|x64
		{1E37BD83-CC59-441B-9727-5EC51EBFD31D}.Debug|x86.ActiveCfg = Debug|Win32
		{1E37BD83-CC59-441B-9727-5EC51EBFD31D}.Debug|x86.Build.0 = Debug|Win32
		{1E37BD83-CC59-441B-9727-5EC51EBFD31D}.Release|x64.ActiveCfg = Release|x64
		{1E37BD83-CC59-441B-9727-5EC51EBFD31D}.Release|x64.Build.0 = Release|x64
		{1E37BD83-CC59-441B-9727-5EC51EBFD31D}.Release|x86.ActiveCfg = Release|Win32
		{1E37BD83-CC59-441B-9727-5EC51EBFD31D}.Release|x86.Build.0 = Release|Win32
		{7A3AAB7D-A1E2-4169-AB65-3FBC8F661D7D}.Debug|x64.ActiveCfg = Debug|x64
		{7A3AAB7D-A1E2-4169-AB65-3FBC8F661D7D}.Debug|x64.Build.0 = Debug|x64
		{7A3AAB7D-A1E2-4169-AB65-3FBC8F661D7D}.Debug|x86.ActiveCfg = Debug|Win32
		{7A3AAB7D-A1E2-4169-AB65-3FBC8F661D7D}.Debug|x86.Build.0 = Debug|Win32
		{7A3AAB7D-A1E2-4169-AB65-3FBC8F661D7D}.Release|x64.ActiveCfg = Release|x64
		{7A3AAB7D-A1E2-4169-AB65-3FBC8F661D7D}.Release|x64.Build.0 = Release|x64
		{7A3AAB7D-A1E2-4169-AB65-3FBC8F661D7D}.Release|x86.ActiveCfg = Release|Win32
		{7A3AAB7D-A1E2-4169-AB65-3FBC8F661D7D}.Release|x86.Build.0 = Release|Win32
		{91C63B3B-475C-481C-957C-BB85704987EE}.Debug|x64.ActiveCfg = Debug|x64
		{91C63B3B-475C-481C-957C-BB85704987EE}.Debug|x64.Build.0 = Debug|x64
		{91C63B3B-475C-481C-957C-BB85704987EE}.Debug|x86.ActiveCfg = Debug|Win32
		{91C63B3B-475C-481C-957C-BB85704987EE}.Debug|x86.Build.0 = Debug|Win32
		{91C63B3B-475C-481C-957C-BB85704987EE}.Release|x64.ActiveCfg = Release|x64
		{91C63B3B-475C-481C-957C-BB85704987EE}.Release|x64.Build.0 = Release|x64
		{91C63B3B-475C-481C-957C-BB85704987EE}.Release|x86.ActiveCfg = Release|Win32
		{91C63B3B-475C-481C-957C-BB85704987EE}.Release|x86.Build.0 = Release|Win32
		{C4C564E0-0237-41C1-A123-109A26247BBB}.Debug|x64.ActiveCfg = Debug|x64
		{C4C564E0-0237-41C1-A123-109A26247BBB}.Debug|x64.Build.0 = Debug|x64
		{C4C564E0-0237-41C1-A123-109A26247BBB}.Debug|x86.ActiveCfg = Debug|Win32
		{C4C564E0-0237-41C1-A123-109A26247BBB}.Debug|x86.Build.0 = Debug|Win32
		{C4C564E0-0237-41C1-A123-109A26247BBB}.Release|x64.ActiveCfg = Release|x64
		{C4C564E0-0237-41C1-A123-109A26247BBB}.Release|x64.Build.0 = Release|x64
		{C4C564E0-0237-41C1-A123-109A26247BBB}.Release|x86.ActiveCfg = Release|Win32
		{C4C564E0-0237-41C1-A123-109A26247BBB}.Release|x86.Build.0 = Release|Win32
		{8FBD9D1E-CF7F-456F-A9F7-683AFC31B892}.Debug|x64.ActiveCfg = Debug|x64
		{8FBD9D1E-CF7F-456F-A9F7-683AFC31B892}.Debug|x64.Build.0 = Debug|x64
		{8FBD9D1E-CF7F-456F-A9F7-683AFC31B892}.Debug|x86.ActiveCfg = Debug|Win32
		{8FBD9D1E-CF7F-456F-A9F7-683AFC31B892}.Debug|x86.Build.0 = Debug|Win32
		{8FBD9D1E-CF7F-456F-A9F7-683AFC31B892}.Release|x64.ActiveCfg = Release|x64
		{8FBD9D1E-CF7F-456F-A9F7-683AFC31B892}.Release|x64.Build.0 = Release|x64
		{8FBD9D1E-CF7F-456F-A9F7-683AFC31B892}.Release|x86.ActiveCfg = Release|Win32
		{8FBD9D1E-CF7F-456F-A9F7-683AFC31B892}.Release|x86.Build.0 = Release|Win32
		{F3051E3E-EF93-4DB5-9631-F00657C3FC82}.Debug|x64.ActiveCfg = Debug|x64
		{F3051E3E-EF93-4DB5-9631-F00657C3FC82}.Debug|x64.Build.0 = Debug|x64
		{F3051E3E-EF93-4DB5-9631-F00657C3FC82}.Debug|x86.ActiveCfg = Debug|Win32
		{F3051E3E-EF93-4DB5-9631-F00657C3FC82}.Debug|x86.Build.0 = Debug|Win32
		{F3051E3E-EF93-4DB5-9631-F00657C3FC82}.Release|x64.ActiveCfg = Release|x64
		{F3051E3E-EF93-4DB5-9631-F00657C3FC82}.Release|x64.Build.0 = Release|x64
		{F3051E3E-EF93-4DB5-9631-F00657C3FC82}.Release|x86.ActiveCfg = Release|Win32
		{F3051E3E-EF93-4DB5-9631-F00657C3FC82}.Release|x86.Build.0 = Release|Win32
		{55C92CBE-5F03-44B7-9FA4-8878F5037CE5}.Debug|x64.ActiveCfg = Debug|x64
		{55C92CBE-5F03-44B7-9FA4-8878F5037CE5}.Debug|x64.Build.0 = Debug|x64
		{55C92CBE-5F03-44B7-9FA4-8878F5037CE5}.Debug|x86.ActiveCfg = Debug|Win32
		{55C92CBE-5F03-44B7-9FA4-8878F5037CE5}.Debug|x86.Build.0 = Debug|Win32
		{55C92CBE-5F03-44B7-9FA4-8878F5037CE5}.Release|x64.ActiveCfg = Release|x64
		{55C92CBE-5F03-44B7-9FA4-8878F5037CE5}.Release|x64.Build.0 = Release|x64
		{55C92CBE-5F03-44B7-9FA4-8878F5037CE5}.Release|x86.ActiveCfg = Release|Win32
		{55C92CBE-5F03-44B7-9FA4-8878F5037CE5}.Release|x86.Build.0 = Release|Win32
		{B2FC41BB-143D-4F31-88A2-2B77F067349C}.Debug|x64.ActiveCfg = Debug|x64
		{B2FC41BB-143D-4F31-88A2-2B77F067349C}.Debug|x64.Build.0 = Debug|x64
		{B2FC41BB-143D-4F31-88A2-2B77F067349C}.Debug|x86.ActiveCfg = Debug|Win32
		{B2FC41BB-143D-4F31-88A2-2B77F067349C}.Debug|x86.Build.0 = Debug|Win32
		{B2FC41BB-143D-4F31-88A2-2B77F067349C}.Release|x64.ActiveCfg = Release|x64
		{B2FC41BB-143D-4F31-88A2-2B77F067349C}.Release|x64.Build.0 = Release|x64
		{B2FC41BB-143D-4F31-88A2-2B77F067349C}.Release|x86.ActiveCfg = Release|Win32
		{B2FC41BB-143D-4F31-88A2-2B77F067349C}.Release|x86.Build.0 = Release|Win32
		{BF81C9D3-E03A-4464-A6DD-66D8DA7CFEFF}.Debug|x64.ActiveCfg = Debug|x64
		{BF81C9D3-E03A-4464-A6DD-66D8DA7CFEFF}.Debug|x64.Build.0 = Debug|x64
		{BF81C9D3-E03A-4464-A6DD-66D8DA7CFEFF}.Debug|x86.ActiveCfg = Debug|Win32
		{BF81C9D3-E03A-4464-A6DD-66D8DA7CFEFF}.Debug|x86.Build.0 = Debug|Win32
		{BF81C9D3-E03A-4464-A6DD-66D8DA7CFEFF}.Release|x64.ActiveCfg = Release|x64
		{BF81C9D3-E03A-4464-A6DD-66D8DA7CFEFF}.Release|x64.Build.0 = Release|x64
		{BF81C9D3-E03A-4464-A6DD-66D8DA7CFEFF}.Release|x86.ActiveCfg = Release|Win32
		{BF81C9D3-E03A-4464-A6DD-66D8DA7CFEFF}.Release|x86.Build.0 = Release|Win32
		{5C38CC51-621E-4B5F-B989-766F6CFC3AE2}.Debug|x64.ActiveCfg = Debug|x64
		{5C38CC51-621E-4B5F-B989-766F6CFC3AE2}.Debug|x64.Build.0 = Debug|x64
		{5C38CC51-621E-4B5F-B989-766F6CFC3AE2}.Debug|x86.ActiveCfg = Debug|Win32
		{5C38CC51-621E-4B5F-B989-766F6CFC3AE2}.Debug|x86.Build.0 = Debug|Win32
		{5C38CC51-621E-4B5F-B989-766F6CFC3AE2}.Release|x64.ActiveCfg = Release|x64
		{5C38CC51-621E-4B5F-B989-766F6CFC3AE2}.Release|x64.Build.0 = Release|x64
		{5C38CC51-621E-4B5F-B989-766F6CFC3AE2}.Release|x86.ActiveCfg = Release|Win32
		{5C38CC51-621E-4B5F-B989-766F6CFC3AE2}.Release|x86.Build.0 = Release|Win32
		{C4A60F32-FD1C-4914-9AF4-D1B5FD8C5805}.Debug|x64.ActiveCfg = Debug|x64
		{C4A60F32-FD1C-4914-9AF4-D1B5FD8C5805}.Debug|x64.Build.0 = Debug|x64
		{C4A60F32-FD1C-4914-9AF4-D1B5FD8C5805}.Debug|x86.ActiveCfg = Debug|Win32
		{C4A60F32-FD1C-4914-9AF4-D1B5FD8C5805}.Debug|x86.Build.0 = Debug|Win32
		{C4A60F32-FD1C-4914-9AF4-D1B5FD8C5805}.Release|x64.ActiveCfg = Release|x64
		{C4A60F32-FD1C-4914-9AF4-D1B5FD8C5805}.Release|x64.Build.0 = Release|x64
		{C4A60F32-FD1C-4914-9AF4-D1B5FD8C5805}.Release|x86.ActiveCfg = Release|Win32
		{C4A60F32-FD1C-4914-9AF4-D1B5FD8C5805}.Release|x86.Build.0 = Release|Win32
		{6057038B-2B5F-4F1F-97CE-79C7E41CD038}.Debug|x64.ActiveCfg = Debug|x64
		{6057038B-2B5F-4F1F-97CE-79C7E41CD038}.Debug|x64.Build.0 = Debug|x64
		{6057038B-2B5F-4F1F-97CE-79C7E41CD038}.Debug|x86.ActiveCfg = Debug|Win32
		{6057038B-2B5F-4F1F-97CE-79C7E41CD038}.Debug|x86.Build.0 = Debug|Win32
		{6057038B-2B5F-4F1F-97CE-79C7E41CD038}.Release|x64.ActiveCfg = Release|x64
		{6057038B-2B5F-4F1F-97CE-79C7E41CD038}.Release|x64.Build.0 = Release|x64
		{6057038B-2B5F-4F1F-97CE-79C7E41CD038}.Release|x86.ActiveCfg = Release|Win32
		{6057038B-2B5F-4F1F-97CE-79C7E41CD038}.Release|x86.Build.0 = Release|Win32
		{224930CE-7658-41BF-B8E7-C90E8B221C80}.Debug|x64.ActiveCfg = Debug|x64
		{224930CE-7658-41BF-B8E7-C90E8B221C80}.Debug|x64.Build.0 = Debug|x64
		{224930CE-7658-41BF-B8E7-C90E8B221C80}.Debug|x86.ActiveCfg = Debug|Win32
		{224930CE-7658-41BF-B8E7-C90E8B221C80}.Debug|x86.Build.0 = Debug|Win32
		{224930CE-7658-41BF-B8E7-C90E8B221C80}.Release|x64.ActiveCfg = Release|x64
		{224930CE-7658-41BF-B8E7-C90E8B221C80}.Release|x64.Build.0 = Release|x64
		{224930CE-7658-41BF-B8E7-C90E8B221C80}.Release|x86.ActiveCfg = Release|Win32
		{224930CE-7658-41BF-B8E7-C90E8B221C80}.Release|x86.Build.0 = Release|Win32
		{98661F92-39F6-453A-B316-18E07F225256}.Debug|x64.ActiveCfg = Debug|x64
		{98661F92-39F6-453A-B316-18E07F225256}.Debug|x64.Build.0 = Debug|x64
		{98661F92-39F6-453A-B316-18E07F225256}.Debug|x86.ActiveCfg = Debug|Win32
		{98661F92-39F6-453A-B316-18E07F225256}.Debug|x86.Build.0 = Debug|Win32
		{98661F92-39F6-453A-B316-18E07F225256}.Release|x64.ActiveCfg = Release|x64
		{98661F92-39F6-453A-B316-18E07F225256}.Release|x64.Build.0 = Release|x64
		{98661F92-39F6-453A-B316-18E07F225256}.Release|x86.ActiveCfg = Release|Win32
		{98661F92-39F6-453A-B316-18E07F225256}.Release|x86.Build.0 = Release|Win32
		{F89DEB5C-53B7-4714-89E8-2D524D478CF1}.Debug|x64.ActiveCfg = Debug|x64
		{F89DEB5C-53B7-4714-89E8-2D524D478CF1}.Debug|x64.Build.0 = Debug|x64
		{F89DEB5C-53B7-4714-89E8-2D524D478CF1}.Debug|x86.ActiveCfg = Debug|Win32
		{F89DEB5C-53B7-4714-89E8-2D524D478CF1}.Debug|x86.Build.0 = Debug|Win32
		{F89DEB5C-53B7-4714-89E8-2D524D478CF1}.Release|x64.ActiveCfg = Release|x64
		{F89DEB5C-53B7-4714-89E8-2D524D478CF1}.Release|x64.Build.0 = Release|x64
		{F89DEB5C-53B7-4714-89E8-2D524D478CF1}.Release|x86.ActiveCfg = Release|Win32
		{F89DEB5C-53B7-4714-89E8-2D524D478CF1}.Release|x86.Build.0 = Release|Win32
		{ECCDC7D7-1BF8-4EF3-BF90-1530941318B7}.Debug|x64.ActiveCfg = Debug|x64
		{ECCDC7D7-1BF8-4EF3-BF90-1530941318B7}.Debug|x64.Build.0 = Debug|x64
		{ECCDC7D7-1BF8-4EF3-BF90-1530941318B7}.Debug|x86.ActiveCfg = Debug|Win32
		{ECCDC7D7-1BF8-4EF3-BF90-1530941318B7}.Debug|x86.Build.0 = Debug|Win32
		{ECCDC7D7-1BF8-4EF3-BF90-1530941318B7}.Release|x64.ActiveCfg = Release|x64
		{ECCDC7D7-1BF8-4EF3-BF90-1530941318B7}.Release|x64.Build.0 = Release|x64
		{ECCDC7D7-1BF8-4EF3-BF90-1530941318B7}.Release|x86.ActiveCfg = Release|Win32
		{ECCDC7D7-1BF8-4EF3-BF90-1530941318B7}.Release|x86.Build.0 = Release|Win32
		{51E74B19-C9EE-4EA8-B91B-DE68F7FD876B}.Debug|x64.ActiveCfg = Debug|x64
		{51E74B19-C9EE-4EA8-B91B-DE68F7FD876B}.Debug|x64.Build.0 = Debug|x64
		{51E74B19-C9EE-4EA8-B91B-DE68F7FD876B}.Debug|x86.ActiveCfg = Debug|Win32
		{51E74B19-C9EE-4EA8-B91B-DE68F7FD876B}.Debug|x86.Build.0 = Debug|Win32
		{51E74B19-C9EE-4EA8-B91B-DE68F7FD876B}.Release|x64.ActiveCfg = Release|x64
		{51E74B19-C9EE-4EA8-B91B-DE68F7FD876B}.Release|x64.Build.0 = Release|x64
		{51E74B19-C9EE-4EA8-B91B-DE68F7FD876B}.Release|x86.ActiveCfg = Release|Win32
		{51E74B19-C9EE-4EA8-B91B-DE68F7FD876B}.Release|x86.Build.0 = Release|Win32
		{FDA7D7C5-F4D6-4A91-A778-4E99471BA4A7}.Debug|x64.ActiveCfg = Debug|x64
		{FDA7D7C5-F4D6-4A91-A778-4E99471BA4A7}.Debug|x64.Build.0 = Debug|x64
		{FDA7D7C5-F4D6-4A91-A778-4E99471BA4A7}.Debug|x86.ActiveCfg = Debug|Win32
		{FDA7D7C5-F4D6-4A91-A778-4E99471BA4A7}.Debug|x86.Build.0 = Debug|Win32
		{FDA7D7C5-F4D6-4A91-A778-4E99471BA4A7}.Release|x64.ActiveCfg = Release|x64
		{FDA7D7C5-F4D6-4A91-A778-4E99471BA4A7}.Release|x64.Build.0 = Release|x64
		{FDA7D7C5-F4D6-4A91-A778-4E99471BA4A7}.Release|x86.ActiveCfg = Release|Win32
		{FDA7D7C5-F4D6-4A91-A778-4E99471BA4A7}.Release|x86.Build.0 = Release|Win32
		{A8F48F35-2B49-4E41-A9B4-6D6B2FBE1510}.Debug|x64.ActiveCfg = Debug|x64
		{A8F48F35-2B49-4E41-A9B4-6D6B2FBE1510}.Debug|x64.Build.0 = Debug|x64
		{A8F48F35-2B49-4E41-A9B4-6D6B2FBE1510}.Debug|x86.ActiveCfg = Debug|Win32
		{A8F48F35-2B49-4E41-A9B4-6D6B2FBE1510}.Debug|x86.Build.0 = Debug|Win32
		{A8F48F35-2B49-4E41-A9B4-6D6B2FBE1510}.Release|x64.ActiveCfg = Release|x64
		{A8F48F35-2B49-4E41-A9B4-6D6B2FBE1510}.Release|x64.Build.0 = Release|x64
		{A8F48F35-2B49-4E41-A9B4-6D6B2FBE1510}.Release|x86.ActiveCfg = Release|Win32
		{A8F48F35-2B49-4E41-A9B4-6D6B2FBE1510}.Release|x86.Build.0 = Release|Win32
		{0E716B2E-6E0F-49E0-906E-4A3A7C548E6C}.Debug|x64.ActiveCfg = Debug|x64
		{0E716B2E-6E0F-49E0-906E-4A3A7C548E6C}.Debug|x64.Build.0 = Debug|x64
		{0E716B2E-6E0F-49E0-906E-4A3A7C548E6C}.Debug|x86.ActiveCfg = Debug|Win32
		{0E716B2E-6E0F-49E0-906E-4A3A7C548E6C}.Debug|x86.Build.0 = Debug|Win32
		{0E716B2E-6E0F-49E0-906E-4A3A7C548E6C}.Release|x64.ActiveCfg = Release|x64
		{0E716B2E-6E0F-49E0-906E-4A3A7C548E6C}.Release|x64.Build.0 = Release|x64
		{0E716B2E-6E0F-49E0-906E-4A3A7C548E6C}.Release|x86.ActiveCfg = Release|Win32
		{0E716B2E-6E0F-49E0-906E-4A3A7C548E6C}.Release|x86.Build.0 = Release|Win32
		{756D07E4-1E7F-4F7D-8CC9-D6B54AC657C7}.Debug|x64.ActiveCfg = Debug|x64
		{756D07E4-1E7F-4F7D-8CC9-D6B54AC657C7}.Debug|x64.Build.0 = Debug|x64
		{756D07E4-1E7F-4F7D-8CC9-D6B54AC657C7}.Debug|x86.ActiveCfg = Debug|Win32
		{756D07E4-1E7F-4F7D-8CC9-D6B54AC657C7}.Debug|x86.Build.0 = Debug|Win32
		{756D07E4-1E7F-4F7D-8CC9-D6B54AC657C7}.Release|x64.ActiveCfg = Release|x64
		{756D07E4-1E7F-4F7D-8CC9-D6B54AC657C7}.Release|x64.Build.0 = Release|x64
		{756D07E4-1E7F-4F7D-8CC9-D6B54AC657C7}.Release|x86.ActiveCfg = Release|Win32
		{756D07E4-1E7F-4F7D-8CC9-D6B54AC657C7}.Release|x86.Build.0 = Release|Win32
	EndGlobalSection
	GlobalSection(SolutionProperties) = preSolution
		HideSolutionNode = FALSE
	EndGlobalSection
	GlobalSection(ExtensibilityGlobals) = postSolution
		SolutionGuid = {28ED0F78-3D03-4FB6-91CF-EBCBE6E4694A}
	EndGlobalSection
EndGlobal
