
Microsoft Visual Studio Solution File, Format Version 12.00
# Visual Studio 15
VisualStudioVersion = 15.0.28307.1705
MinimumVisualStudioVersion = 10.0.40219.1
Project("{8BC9CEB8-8B4A-11D0-8D11-00A0C91BC942}") = "MFC01", "MFC01\MFC01.vcxproj", "{1E37BD83-CC59-441B-9727-5EC51EBFD31D}"
EndProject
Project("{8BC9CEB8-8B4A-11D0-8D11-00A0C91BC942}") = "MFC02", "MFC02\MFC02.vcxproj", "{7A3AAB7D-A1E2-4169-AB65-3FBC8F661D7D}"
EndProject
Project("{8BC9CEB8-8B4A-11D0-8D11-00A0C91BC942}") = "MFC02_02", "MFC02_02\MFC02_02.vcxproj", "{91C63B3B-475C-481C-957C-BB85704987EE}"
EndProject
Project("{8BC9CEB8-8B4A-11D0-8D11-00A0C91BC942}") = "MFC02_03", "MFC02_03\MFC02_03.vcxproj", "{C4C564E0-0237-41C1-A123-109A26247BBB}"
EndProject
Project("{8BC9CEB8-8B4A-11D0-8D11-00A0C91BC942}") = "MFC02_04", "MFC02_04\MFC02_04.vcxproj", "{8FBD9D1E-CF7F-456F-A9F7-683AFC31B892}"
EndProject
Project("{8BC9CEB8-8B4A-11D0-8D11-00A0C91BC942}") = "MFC02_Single", "MFC02_Single\MFC02_Single.vcxproj", "{F3051E3E-EF93-4DB5-9631-F00657C3FC82}"
EndProject
Project("{8BC9CEB8-8B4A-11D0-8D11-00A0C91BC942}") = "MFCBasic", "MFCBasic\MFCBasic.vcxproj", "{55C92CBE-5F03-44B7-9FA4-8878F5037CE5}"
EndProject
Project("{8BC9CEB8-8B4A-11D0-8D11-00A0C91BC942}") = "MFC03", "MFC03\MFC03.vcxproj", "{B2FC41BB-143D-4F31-88A2-2B77F067349C}"
EndProject
Project("{8BC9CEB8-8B4A-11D0-8D11-00A0C91BC942}") = "MFC04", "MFC04\MFC04.vcxproj", "{BF81C9D3-E03A-4464-A6DD-66D8DA7CFEFF}"
EndProject
Project("{8BC9CEB8-8B4A-11D0-8D11-00A0C91BC942}") = "MFC05", "MFC05\MFC05.vcxproj", "{5C38CC51-621E-4B5F-B989-766F6CFC3AE2}"
EndProject
Project("{8BC9CEB8-8B4A-11D0-8D11-00A0C91BC942}") = "MFC06", "MFC06\MFC06.vcxproj", "{C4A60F32-FD1C-4914-9AF4-D1B5FD8C5805}"
EndProject
Global
	GlobalSection(SolutionConfigurationPlatforms) = preSolution
		Debug|x64 = Debug|x64
		Debug|x86 = Debug|x86
		Release|x64 = Release|x64
		Release|x86 = Release|x86
	EndGlobalSection
	GlobalSection(ProjectConfigurationPlatforms) = postSolution
		{1E37BD83-CC59-441B-9727-5EC51EBFD31D}.Debug|x64.ActiveCfg = Debug|x64
		{1E37BD83-CC59-441B-9727-5EC51EBFD31D}.Debug|x64.Build.0 = Debug|x64
		{1E37BD83-CC59-441B-9727-5EC51EBFD31D}.Debug|x86.ActiveCfg = Debug|Win32
		{1E37BD83-CC59-441B-9727-5EC51EBFD31D}.Debug|x86.Build.0 = Debug|Win32
		{1E37BD83-CC59-441B-9727-5EC51EBFD31D}.Release|x64.ActiveCfg = Release|x64
		{1E37BD83-CC59-441B-9727-5EC51EBFD31D}.Release|x64.Build.0 = Release|x64
		{1E37BD83-CC59-441B-9727-5EC51EBFD31D}.Release|x86.ActiveCfg = Release|Win32
		{1E37BD83-CC59-441B-9727-5EC51EBFD31D}.Release|x86.Build.0 = Release|Win32
		{7A3AAB7D-A1E2-4169-AB65-3FBC8F661D7D}.Debug|x64.ActiveCfg = Debug|x64
		{7A3AAB7D-A1E2-4169-AB65-3FBC8F661D7D}.Debug|x64.Build.0 = Debug|x64
		{7A3AAB7D-A1E2-4169-AB65-3FBC8F661D7D}.Debug|x86.ActiveCfg = Debug|Win32
		{7A3AAB7D-A1E2-4169-AB65-3FBC8F661D7D}.Debug|x86.Build.0 = Debug|Win32
		{7A3AAB7D-A1E2-4169-AB65-3FBC8F661D7D}.Release|x64.ActiveCfg = Release|x64
		{7A3AAB7D-A1E2-4169-AB65-3FBC8F661D7D}.Release|x64.Build.0 = Release|x64
		{7A3AAB7D-A1E2-4169-AB65-3FBC8F661D7D}.Release|x86.ActiveCfg = Release|Win32
		{7A3AAB7D-A1E2-4169-AB65-3FBC8F661D7D}.Release|x86.Build.0 = Release|Win32
		{91C63B3B-475C-481C-957C-BB85704987EE}.Debug|x64.ActiveCfg = Debug|x64
		{91C63B3B-475C-481C-957C-BB85704987EE}.Debug|x64.Build.0 = Debug|x64
		{91C63B3B-475C-481C-957C-BB85704987EE}.Debug|x86.ActiveCfg = Debug|Win32
		{91C63B3B-475C-481C-957C-BB85704987EE}.Debug|x86.Build.0 = Debug|Win32
		{91C63B3B-475C-481C-957C-BB85704987EE}.Release|x64.ActiveCfg = Release|x64
		{91C63B3B-475C-481C-957C-BB85704987EE}.Release|x64.Build.0 = Release|x64
		{91C63B3B-475C-481C-957C-BB85704987EE}.Release|x86.ActiveCfg = Release|Win32
		{91C63B3B-475C-481C-957C-BB85704987EE}.Release|x86.Build.0 = Release|Win32
		{C4C564E0-0237-41C1-A123-109A26247BBB}.Debug|x64.ActiveCfg = Debug|x64
		{C4C564E0-0237-41C1-A123-109A26247BBB}.Debug|x64.Build.0 = Debug|x64
		{C4C564E0-0237-41C1-A123-109A26247BBB}.Debug|x86.ActiveCfg = Debug|Win32
		{C4C564E0-0237-41C1-A123-109A26247BBB}.Debug|x86.Build.0 = Debug|Win32
		{C4C564E0-0237-41C1-A123-109A26247BBB}.Release|x64.ActiveCfg = Release|x64
		{C4C564E0-0237-41C1-A123-109A26247BBB}.Release|x64.Build.0 = Release|x64
		{C4C564E0-0237-41C1-A123-109A26247BBB}.Release|x86.ActiveCfg = Release|Win32
		{C4C564E0-0237-41C1-A123-109A26247BBB}.Release|x86.Build.0 = Release|Win32
		{8FBD9D1E-CF7F-456F-A9F7-683AFC31B892}.Debug|x64.ActiveCfg = Debug|x64
		{8FBD9D1E-CF7F-456F-A9F7-683AFC31B892}.Debug|x64.Build.0 = Debug|x64
		{8FBD9D1E-CF7F-456F-A9F7-683AFC31B892}.Debug|x86.ActiveCfg = Debug|Win32
		{8FBD9D1E-CF7F-456F-A9F7-683AFC31B892}.Debug|x86.Build.0 = Debug|Win32
		{8FBD9D1E-CF7F-456F-A9F7-683AFC31B892}.Release|x64.ActiveCfg = Release|x64
		{8FBD9D1E-CF7F-456F-A9F7-683AFC31B892}.Release|x64.Build.0 = Release|x64
		{8FBD9D1E-CF7F-456F-A9F7-683AFC31B892}.Release|x86.ActiveCfg = Release|Win32
		{8FBD9D1E-CF7F-456F-A9F7-683AFC31B892}.Release|x86.Build.0 = Release|Win32
		{F3051E3E-EF93-4DB5-9631-F00657C3FC82}.Debug|x64.ActiveCfg = Debug|x64
		{F3051E3E-EF93-4DB5-9631-F00657C3FC82}.Debug|x64.Build.0 = Debug|x64
		{F3051E3E-EF93-4DB5-9631-F00657C3FC82}.Debug|x86.ActiveCfg = Debug|Win32
		{F3051E3E-EF93-4DB5-9631-F00657C3FC82}.Debug|x86.Build.0 = Debug|Win32
		{F3051E3E-EF93-4DB5-9631-F00657C3FC82}.Release|x64.ActiveCfg = Release|x64
		{F3051E3E-EF93-4DB5-9631-F00657C3FC82}.Release|x64.Build.0 = Release|x64
		{F3051E3E-EF93-4DB5-9631-F00657C3FC82}.Release|x86.ActiveCfg = Release|Win32
		{F3051E3E-EF93-4DB5-9631-F00657C3FC82}.Release|x86.Build.0 = Release|Win32
		{55C92CBE-5F03-44B7-9FA4-8878F5037CE5}.Debug|x64.ActiveCfg = Debug|x64
		{55C92CBE-5F03-44B7-9FA4-8878F5037CE5}.Debug|x64.Build.0 = Debug|x64
		{55C92CBE-5F03-44B7-9FA4-8878F5037CE5}.Debug|x86.ActiveCfg = Debug|Win32
		{55C92CBE-5F03-44B7-9FA4-8878F5037CE5}.Debug|x86.Build.0 = Debug|Win32
		{55C92CBE-5F03-44B7-9FA4-8878F5037CE5}.Release|x64.ActiveCfg = Release|x64
		{55C92CBE-5F03-44B7-9FA4-8878F5037CE5}.Release|x64.Build.0 = Release|x64
		{55C92CBE-5F03-44B7-9FA4-8878F5037CE5}.Release|x86.ActiveCfg = Release|Win32
		{55C92CBE-5F03-44B7-9FA4-8878F5037CE5}.Release|x86.Build.0 = Release|Win32
		{B2FC41BB-143D-4F31-88A2-2B77F067349C}.Debug|x64.ActiveCfg = Debug|x64
		{B2FC41BB-143D-4F31-88A2-2B77F067349C}.Debug|x64.Build.0 = Debug|x64
		{B2FC41BB-143D-4F31-88A2-2B77F067349C}.Debug|x86.ActiveCfg = Debug|Win32
		{B2FC41BB-143D-4F31-88A2-2B77F067349C}.Debug|x86.Build.0 = Debug|Win32
		{B2FC41BB-143D-4F31-88A2-2B77F067349C}.Release|x64.ActiveCfg = Release|x64
		{B2FC41BB-143D-4F31-88A2-2B77F067349C}.Release|x64.Build.0 = Release|x64
		{B2FC41BB-143D-4F31-88A2-2B77F067349C}.Release|x86.ActiveCfg = Release|Win32
		{B2FC41BB-143D-4F31-88A2-2B77F067349C}.Release|x86.Build.0 = Release|Win32
		{BF81C9D3-E03A-4464-A6DD-66D8DA7CFEFF}.Debug|x64.ActiveCfg = Debug|x64
		{BF81C9D3-E03A-4464-A6DD-66D8DA7CFEFF}.Debug|x64.Build.0 = Debug|x64
		{BF81C9D3-E03A-4464-A6DD-66D8DA7CFEFF}.Debug|x86.ActiveCfg = Debug|Win32
		{BF81C9D3-E03A-4464-A6DD-66D8DA7CFEFF}.Debug|x86.Build.0 = Debug|Win32
		{BF81C9D3-E03A-4464-A6DD-66D8DA7CFEFF}.Release|x64.ActiveCfg = Release|x64
		{BF81C9D3-E03A-4464-A6DD-66D8DA7CFEFF}.Release|x64.Build.0 = Release|x64
		{BF81C9D3-E03A-4464-A6DD-66D8DA7CFEFF}.Release|x86.ActiveCfg = Release|Win32
		{BF81C9D3-E03A-4464-A6DD-66D8DA7CFEFF}.Release|x86.Build.0 = Release|Win32
		{5C38CC51-621E-4B5F-B989-766F6CFC3AE2}.Debug|x64.ActiveCfg = Debug|x64
		{5C38CC51-621E-4B5F-B989-766F6CFC3AE2}.Debug|x64.Build.0 = Debug|x64
		{5C38CC51-621E-4B5F-B989-766F6CFC3AE2}.Debug|x86.ActiveCfg = Debug|Win32
		{5C38CC51-621E-4B5F-B989-766F6CFC3AE2}.Debug|x86.Build.0 = Debug|Win32
		{5C38CC51-621E-4B5F-B989-766F6CFC3AE2}.Release|x64.ActiveCfg = Release|x64
		{5C38CC51-621E-4B5F-B989-766F6CFC3AE2}.Release|x64.Build.0 = Release|x64
		{5C38CC51-621E-4B5F-B989-766F6CFC3AE2}.Release|x86.ActiveCfg = Release|Win32
		{5C38CC51-621E-4B5F-B989-766F6CFC3AE2}.Release|x86.Build.0 = Release|Win32
		{C4A60F32-FD1C-4914-9AF4-D1B5FD8C5805}.Debug|x64.ActiveCfg = Debug|x64
		{C4A60F32-FD1C-4914-9AF4-D1B5FD8C5805}.Debug|x64.Build.0 = Debug|x64
		{C4A60F32-FD1C-4914-9AF4-D1B5FD8C5805}.Debug|x86.ActiveCfg = Debug|Win32
		{C4A60F32-FD1C-4914-9AF4-D1B5FD8C5805}.Debug|x86.Build.0 = Debug|Win32
		{C4A60F32-FD1C-4914-9AF4-D1B5FD8C5805}.Release|x64.ActiveCfg = Release|x64
		{C4A60F32-FD1C-4914-9AF4-D1B5FD8C5805}.Release|x64.Build.0 = Release|x64
		{C4A60F32-FD1C-4914-9AF4-D1B5FD8C5805}.Release|x86.ActiveCfg = Release|Win32
		{C4A60F32-FD1C-4914-9AF4-D1B5FD8C5805}.Release|x86.Build.0 = Release|Win32
	EndGlobalSection
	GlobalSection(SolutionProperties) = preSolution
		HideSolutionNode = FALSE
	EndGlobalSection
	GlobalSection(ExtensibilityGlobals) = postSolution
		SolutionGuid = {28ED0F78-3D03-4FB6-91CF-EBCBE6E4694A}
	EndGlobalSection
EndGlobal
